
Microsoft Visual Studio Solution File, Format Version 12.00
# Visual Studio Version 17
VisualStudioVersion = 17.8.34316.72
MinimumVisualStudioVersion = 10.0.40219.1
Project("{FAE04EC0-301F-11D3-BF4B-00C04F79EFBC}") = "requestsApp", "requestsApp\requestsApp.csproj", "{588162A7-B83E-47A3-8B14-43086492A209}"
EndProject
Global
	GlobalSection(SolutionConfigurationPlatforms) = preSolution
		Debug|Any CPU = Debug|Any CPU
		Release|Any CPU = Release|Any CPU
	EndGlobalSection
	GlobalSection(ProjectConfigurationPlatforms) = postSolution
		{588162A7-B83E-47A3-8B14-43086492A209}.Debug|Any CPU.ActiveCfg = Debug|Any CPU
		{588162A7-B83E-47A3-8B14-43086492A209}.Debug|Any CPU.Build.0 = Debug|Any CPU
		{588162A7-B83E-47A3-8B14-43086492A209}.Release|Any CPU.ActiveCfg = Release|Any CPU
		{588162A7-B83E-47A3-8B14-43086492A209}.Release|Any CPU.Build.0 = Release|Any CPU
	EndGlobalSection
	GlobalSection(SolutionProperties) = preSolution
		HideSolutionNode = FALSE
	EndGlobalSection
	GlobalSection(ExtensibilityGlobals) = postSolution
		SolutionGuid = {41799517-D258-4ABA-B9AD-2086A3F26D84}
	EndGlobalSection
EndGlobal
